// !$*UTF8*$!
{
	archiveVersion = 1;
	classes = {
	};
	objectVersion = 48;
	objects = {

/* Begin PBXBuildFile section */
		8F729D4F206A3DCA00897999 /* AppDelegate.m in Sources */ = {isa = PBXBuildFile; fileRef = 8F729D4E206A3DCA00897999 /* AppDelegate.m */; };
		8F729D52206A3DCA00897999 /* ViewController.m in Sources */ = {isa = PBXBuildFile; fileRef = 8F729D51206A3DCA00897999 /* ViewController.m */; };
		8F729D55206A3DCA00897999 /* Main.storyboard in Resources */ = {isa = PBXBuildFile; fileRef = 8F729D53206A3DCA00897999 /* Main.storyboard */; };
		8F729D57206A3DCA00897999 /* Assets.xcassets in Resources */ = {isa = PBXBuildFile; fileRef = 8F729D56206A3DCA00897999 /* Assets.xcassets */; };
		8F729D5A206A3DCA00897999 /* LaunchScreen.storyboard in Resources */ = {isa = PBXBuildFile; fileRef = 8F729D58206A3DCA00897999 /* LaunchScreen.storyboard */; };
		8F729D5D206A3DCA00897999 /* main.m in Sources */ = {isa = PBXBuildFile; fileRef = 8F729D5C206A3DCA00897999 /* main.m */; };
		8F729D65206A3E2000897999 /* SwiftHello.swift in Sources */ = {isa = PBXBuildFile; fileRef = 8F729D64206A3E2000897999 /* SwiftHello.swift */; };
/* End PBXBuildFile section */

/* Begin PBXFileReference section */
		8F729D4A206A3DCA00897999 /* OCCallSwift.app */ = {isa = PBXFileReference; explicitFileType = wrapper.application; includeInIndex = 0; path = OCCallSwift.app; sourceTree = BUILT_PRODUCTS_DIR; };
		8F729D4D206A3DCA00897999 /* AppDelegate.h */ = {isa = PBXFileReference; lastKnownFileType = sourcecode.c.h; path = AppDelegate.h; sourceTree = "<group>"; };
		8F729D4E206A3DCA00897999 /* AppDelegate.m */ = {isa = PBXFileReference; lastKnownFileType = sourcecode.c.objc; path = AppDelegate.m; sourceTree = "<group>"; };
		8F729D50206A3DCA00897999 /* ViewController.h */ = {isa = PBXFileReference; lastKnownFileType = sourcecode.c.h; path = ViewController.h; sourceTree = "<group>"; };
		8F729D51206A3DCA00897999 /* ViewController.m */ = {isa = PBXFileReference; lastKnownFileType = sourcecode.c.objc; path = ViewController.m; sourceTree = "<group>"; };
		8F729D54206A3DCA00897999 /* Base */ = {isa = PBXFileReference; lastKnownFileType = file.storyboard; name = Base; path = Base.lproj/Main.storyboard; sourceTree = "<group>"; };
		8F729D56206A3DCA00897999 /* Assets.xcassets */ = {isa = PBXFileReference; lastKnownFileType = folder.assetcatalog; path = Assets.xcassets; sourceTree = "<group>"; };
		8F729D59206A3DCA00897999 /* Base */ = {isa = PBXFileReference; lastKnownFileType = file.storyboard; name = Base; path = Base.lproj/LaunchScreen.storyboard; sourceTree = "<group>"; };
		8F729D5B206A3DCA00897999 /* Info.plist */ = {isa = PBXFileReference; lastKnownFileType = text.plist.xml; path = Info.plist; sourceTree = "<group>"; };
		8F729D5C206A3DCA00897999 /* main.m */ = {isa = PBXFileReference; lastKnownFileType = sourcecode.c.objc; path = main.m; sourceTree = "<group>"; };
		8F729D63206A3E2000897999 /* OCCallSwift-Bridging-Header.h */ = {isa = PBXFileReference; lastKnownFileType = sourcecode.c.h; path = "OCCallSwift-Bridging-Header.h"; sourceTree = "<group>"; };
		8F729D64206A3E2000897999 /* SwiftHello.swift */ = {isa = PBXFileReference; lastKnownFileType = sourcecode.swift; path = SwiftHello.swift; sourceTree = "<group>"; };
/* End PBXFileReference section */

/* Begin PBXFrameworksBuildPhase section */
		8F729D47206A3DCA00897999 /* Frameworks */ = {
			isa = PBXFrameworksBuildPhase;
			buildActionMask = 2147483647;
			files = (
			);
			runOnlyForDeploymentPostprocessing = 0;
		};
/* End PBXFrameworksBuildPhase section */

/* Begin PBXGroup section */
		8F729D41206A3DCA00897999 = {
			isa = PBXGroup;
			children = (
				8F729D4C206A3DCA00897999 /* OCCallSwift */,
				8F729D4B206A3DCA00897999 /* Products */,
			);
			sourceTree = "<group>";
		};
		8F729D4B206A3DCA00897999 /* Products */ = {
			isa = PBXGroup;
			children = (
				8F729D4A206A3DCA00897999 /* OCCallSwift.app */,
			);
			name = Products;
			sourceTree = "<group>";
		};
		8F729D4C206A3DCA00897999 /* OCCallSwift */ = {
			isa = PBXGroup;
			children = (
				8F729D4D206A3DCA00897999 /* AppDelegate.h */,
				8F729D4E206A3DCA00897999 /* AppDelegate.m */,
				8F729D50206A3DCA00897999 /* ViewController.h */,
				8F729D51206A3DCA00897999 /* ViewController.m */,
				8F729D53206A3DCA00897999 /* Main.storyboard */,
				8F729D56206A3DCA00897999 /* Assets.xcassets */,
				8F729D58206A3DCA00897999 /* LaunchScreen.storyboard */,
				8F729D5B206A3DCA00897999 /* Info.plist */,
				8F729D5C206A3DCA00897999 /* main.m */,
				8F729D64206A3E2000897999 /* SwiftHello.swift */,
				8F729D63206A3E2000897999 /* OCCallSwift-Bridging-Header.h */,
			);
			path = OCCallSwift;
			sourceTree = "<group>";
		};
/* End PBXGroup section */

/* Begin PBXNativeTarget section */
		8F729D49206A3DCA00897999 /* OCCallSwift */ = {
			isa = PBXNativeTarget;
			buildConfigurationList = 8F729D60206A3DCA00897999 /* Build configuration list for PBXNativeTarget "OCCallSwift" */;
			buildPhases = (
				8F729D46206A3DCA00897999 /* Sources */,
				8F729D47206A3DCA00897999 /* Frameworks */,
				8F729D48206A3DCA00897999 /* Resources */,
			);
			buildRules = (
			);
			dependencies = (
			);
			name = OCCallSwift;
			productName = OCCallSwift;
			productReference = 8F729D4A206A3DCA00897999 /* OCCallSwift.app */;
			productType = "com.apple.product-type.application";
		};
/* End PBXNativeTarget section */

/* Begin PBXProject section */
		8F729D42206A3DCA00897999 /* Project object */ = {
			isa = PBXProject;
			attributes = {
				LastUpgradeCheck = 0910;
				ORGANIZATIONNAME = study;
				TargetAttributes = {
					8F729D49206A3DCA00897999 = {
						CreatedOnToolsVersion = 9.1;
						LastSwiftMigration = 0910;
						ProvisioningStyle = Automatic;
					};
				};
			};
			buildConfigurationList = 8F729D45206A3DCA00897999 /* Build configuration list for PBXProject "OCCallSwift" */;
			compatibilityVersion = "Xcode 8.0";
			developmentRegion = en;
			hasScannedForEncodings = 0;
			knownRegions = (
				en,
				Base,
			);
			mainGroup = 8F729D41206A3DCA00897999;
			productRefGroup = 8F729D4B206A3DCA00897999 /* Products */;
			projectDirPath = "";
			projectRoot = "";
			targets = (
				8F729D49206A3DCA00897999 /* OCCallSwift */,
			);
		};
/* End PBXProject section */

/* Begin PBXResourcesBuildPhase section */
		8F729D48206A3DCA00897999 /* Resources */ = {
			isa = PBXResourcesBuildPhase;
			buildActionMask = 2147483647;
			files = (
				8F729D5A206A3DCA00897999 /* LaunchScreen.storyboard in Resources */,
				8F729D57206A3DCA00897999 /* Assets.xcassets in Resources */,
				8F729D55206A3DCA00897999 /* Main.storyboard in Resources */,
			);
			runOnlyForDeploymentPostprocessing = 0;
		};
/* End PBXResourcesBuildPhase section */

/* Begin PBXSourcesBuildPhase section */
		8F729D46206A3DCA00897999 /* Sources */ = {
			isa = PBXSourcesBuildPhase;
			buildActionMask = 2147483647;
			files = (
				8F729D65206A3E2000897999 /* SwiftHello.swift in Sources */,
				8F729D52206A3DCA00897999 /* ViewController.m in Sources */,
				8F729D5D206A3DCA00897999 /* main.m in Sources */,
				8F729D4F206A3DCA00897999 /* AppDelegate.m in Sources */,
			);
			runOnlyForDeploymentPostprocessing = 0;
		};
/* End PBXSourcesBuildPhase section */

/* Begin PBXVariantGroup section */
		8F729D53206A3DCA00897999 /* Main.storyboard */ = {
			isa = PBXVariantGroup;
			children = (
				8F729D54206A3DCA00897999 /* Base */,
			);
			name = Main.storyboard;
			sourceTree = "<group>";
		};
		8F729D58206A3DCA00897999 /* LaunchScreen.storyboard */ = {
			isa = PBXVariantGroup;
			children = (
				8F729D59206A3DCA00897999 /* Base */,
			);
			name = LaunchScreen.storyboard;
			sourceTree = "<group>";
		};
/* End PBXVariantGroup section */

/* Begin XCBuildConfiguration section */
		8F729D5E206A3DCA00897999 /* Debug */ = {
			isa = XCBuildConfiguration;
			buildSettings = {
				ALWAYS_SEARCH_USER_PATHS = NO;
				CLANG_ANALYZER_NONNULL = YES;
				CLANG_ANALYZER_NUMBER_OBJECT_CONVERSION = YES_AGGRESSIVE;
				CLANG_CXX_LANGUAGE_STANDARD = "gnu++14";
				CLANG_CXX_LIBRARY = "libc++";
				CLANG_ENABLE_MODULES = YES;
				CLANG_ENABLE_OBJC_ARC = YES;
				CLANG_WARN_BLOCK_CAPTURE_AUTORELEASING = YES;
				CLANG_WARN_BOOL_CONVERSION = YES;
				CLANG_WARN_COMMA = YES;
				CLANG_WARN_CONSTANT_CONVERSION = YES;
				CLANG_WARN_DIRECT_OBJC_ISA_USAGE = YES_ERROR;
				CLANG_WARN_DOCUMENTATION_COMMENTS = YES;
				CLANG_WARN_EMPTY_BODY = YES;
				CLANG_WARN_ENUM_CONVERSION = YES;
				CLANG_WARN_INFINITE_RECURSION = YES;
				CLANG_WARN_INT_CONVERSION = YES;
				CLANG_WARN_NON_LITERAL_NULL_CONVERSION = YES;
				CLANG_WARN_OBJC_LITERAL_CONVERSION = YES;
				CLANG_WARN_OBJC_ROOT_CLASS = YES_ERROR;
				CLANG_WARN_RANGE_LOOP_ANALYSIS = YES;
				CLANG_WARN_STRICT_PROTOTYPES = YES;
				CLANG_WARN_SUSPICIOUS_MOVE = YES;
				CLANG_WARN_UNGUARDED_AVAILABILITY = YES_AGGRESSIVE;
				CLANG_WARN_UNREACHABLE_CODE = YES;
				CLANG_WARN__DUPLICATE_METHOD_MATCH = YES;
				CODE_SIGN_IDENTITY = "iPhone Developer";
				COPY_PHASE_STRIP = NO;
				DEBUG_INFORMATION_FORMAT = dwarf;
				ENABLE_STRICT_OBJC_MSGSEND = YES;
				ENABLE_TESTABILITY = YES;
				GCC_C_LANGUAGE_STANDARD = gnu11;
				GCC_DYNAMIC_NO_PIC = NO;
				GCC_NO_COMMON_BLOCKS = YES;
				GCC_OPTIMIZATION_LEVEL = 0;
				GCC_PREPROCESSOR_DEFINITIONS = (
					"DEBUG=1",
					"$(inherited)",
				);
				GCC_WARN_64_TO_32_BIT_CONVERSION = YES;
				GCC_WARN_ABOUT_RETURN_TYPE = YES_ERROR;
				GCC_WARN_UNDECLARED_SELECTOR = YES;
				GCC_WARN_UNINITIALIZED_AUTOS = YES_AGGRESSIVE;
				GCC_WARN_UNUSED_FUNCTION = YES;
				GCC_WARN_UNUSED_VARIABLE = YES;
				IPHONEOS_DEPLOYMENT_TARGET = 11.1;
				MTL_ENABLE_DEBUG_INFO = YES;
				ONLY_ACTIVE_ARCH = YES;
				SDKROOT = iphoneos;
			};
			name = Debug;
		};
		8F729D5F206A3DCA00897999 /* Release */ = {
			isa = XCBuildConfiguration;
			buildSettings = {
				ALWAYS_SEARCH_USER_PATHS = NO;
				CLANG_ANALYZER_NONNULL = YES;
				CLANG_ANALYZER_NUMBER_OBJECT_CONVERSION = YES_AGGRESSIVE;
				CLANG_CXX_LANGUAGE_STANDARD = "gnu++14";
				CLANG_CXX_LIBRARY = "libc++";
				CLANG_ENABLE_MODULES = YES;
				CLANG_ENABLE_OBJC_ARC = YES;
				CLANG_WARN_BLOCK_CAPTURE_AUTORELEASING = YES;
				CLANG_WARN_BOOL_CONVERSION = YES;
				CLANG_WARN_COMMA = YES;
				CLANG_WARN_CONSTANT_CONVERSION = YES;
				CLANG_WARN_DIRECT_OBJC_ISA_USAGE = YES_ERROR;
				CLANG_WARN_DOCUMENTATION_COMMENTS = YES;
				CLANG_WARN_EMPTY_BODY = YES;
				CLANG_WARN_ENUM_CONVERSION = YES;
				CLANG_WARN_INFINITE_RECURSION = YES;
				CLANG_WARN_INT_CONVERSION = YES;
				CLANG_WARN_NON_LITERAL_NULL_CONVERSION = YES;
				CLANG_WARN_OBJC_LITERAL_CONVERSION = YES;
				CLANG_WARN_OBJC_ROOT_CLASS = YES_ERROR;
				CLANG_WARN_RANGE_LOOP_ANALYSIS = YES;
				CLANG_WARN_STRICT_PROTOTYPES = YES;
				CLANG_WARN_SUSPICIOUS_MOVE = YES;
				CLANG_WARN_UNGUARDED_AVAILABILITY = YES_AGGRESSIVE;
				CLANG_WARN_UNREACHABLE_CODE = YES;
				CLANG_WARN__DUPLICATE_METHOD_MATCH = YES;
				CODE_SIGN_IDENTITY = "iPhone Developer";
				COPY_PHASE_STRIP = NO;
				DEBUG_INFORMATION_FORMAT = "dwarf-with-dsym";
				ENABLE_NS_ASSERTIONS = NO;
				ENABLE_STRICT_OBJC_MSGSEND = YES;
				GCC_C_LANGUAGE_STANDARD = gnu11;
				GCC_NO_COMMON_BLOCKS = YES;
				GCC_WARN_64_TO_32_BIT_CONVERSION = YES;
				GCC_WARN_ABOUT_RETURN_TYPE = YES_ERROR;
				GCC_WARN_UNDECLARED_SELECTOR = YES;
				GCC_WARN_UNINITIALIZED_AUTOS = YES_AGGRESSIVE;
				GCC_WARN_UNUSED_FUNCTION = YES;
				GCC_WARN_UNUSED_VARIABLE = YES;
				IPHONEOS_DEPLOYMENT_TARGET = 11.1;
				MTL_ENABLE_DEBUG_INFO = NO;
				SDKROOT = iphoneos;
				VALIDATE_PRODUCT = YES;
			};
			name = Release;
		};
		8F729D61206A3DCA00897999 /* Debug */ = {
			isa = XCBuildConfiguration;
			buildSettings = {
				ASSETCATALOG_COMPILER_APPICON_NAME = AppIcon;
				CLANG_ENABLE_MODULES = YES;
				CODE_SIGN_STYLE = Automatic;
				DEVELOPMENT_TEAM = L2B9W7978F;
				INFOPLIST_FILE = OCCallSwift/Info.plist;
				LD_RUNPATH_SEARCH_PATHS = "$(inherited) @executable_path/Frameworks";
				PRODUCT_BUNDLE_IDENTIFIER = longhai.OCCallSwift;
				PRODUCT_NAME = "$(TARGET_NAME)";
				SWIFT_OBJC_BRIDGING_HEADER = "OCCallSwift/OCCallSwift-Bridging-Header.h";
				SWIFT_OPTIMIZATION_LEVEL = "-Onone";
				SWIFT_VERSION = 3.0;
				TARGETED_DEVICE_FAMILY = "1,2";
			};
			name = Debug;
		};
		8F729D62206A3DCA00897999 /* Release */ = {
			isa = XCBuildConfiguration;
			buildSettings = {
				ASSETCATALOG_COMPILER_APPICON_NAME = AppIcon;
				CLANG_ENABLE_MODULES = YES;
				CODE_SIGN_STYLE = Automatic;
				DEVELOPMENT_TEAM = L2B9W7978F;
				INFOPLIST_FILE = OCCallSwift/Info.plist;
				LD_RUNPATH_SEARCH_PATHS = "$(inherited) @executable_path/Frameworks";
				PRODUCT_BUNDLE_IDENTIFIER = longhai.OCCallSwift;
				PRODUCT_NAME = "$(TARGET_NAME)";
				SWIFT_OBJC_BRIDGING_HEADER = "OCCallSwift/OCCallSwift-Bridging-Header.h";
				SWIFT_VERSION = 3.0;
				TARGETED_DEVICE_FAMILY = "1,2";
			};
			name = Release;
		};
/* End XCBuildConfiguration section */

/* Begin XCConfigurationList section */
		8F729D45206A3DCA00897999 /* Build configuration list for PBXProject "OCCallSwift" */ = {
			isa = XCConfigurationList;
			buildConfigurations = (
				8F729D5E206A3DCA00897999 /* Debug */,
				8F729D5F206A3DCA00897999 /* Release */,
			);
			defaultConfigurationIsVisible = 0;
			defaultConfigurationName = Release;
		};
		8F729D60206A3DCA00897999 /* Build configuration list for PBXNativeTarget "OCCallSwift" */ = {
			isa = XCConfigurationList;
			buildConfigurations = (
				8F729D61206A3DCA00897999 /* Debug */,
				8F729D62206A3DCA00897999 /* Release */,
			);
			defaultConfigurationIsVisible = 0;
			defaultConfigurationName = Release;
		};
/* End XCConfigurationList section */
	};
	rootObject = 8F729D42206A3DCA00897999 /* Project object */;
}
